PODS:
  - Helper4Swift (0.1.8)
  - SwiftLint (0.27.0)

DEPENDENCIES:
  - Helper4Swift (~> 0.1.8)
  - SwiftLint (~> 0.27.0)

SPEC REPOS:
  https://github.com/cocoapods/specs.git:
    - Helper4Swift
    - SwiftLint

SPEC CHECKSUMS:
  Helper4Swift: 32c9972aa503b93b682f584dbddd9cf4d2b95e56
  SwiftLint: 3207c1faa2240bf8973b191820a116113cd11073

PODFILE CHECKSUM: 936f6bcea14ba19a9c228ef5b3faad0837beeb84

COCOAPODS: 1.6.1
