// !$*UTF8*$!
{
	archiveVersion = 1;
	classes = {
	};
	objectVersion = 50;
	objects = {

/* Begin PBXBuildFile section */
		130ED21222960E4E00080BAB /* CalculatorVC+Extenstion.swift in Sources */ = {isa = PBXBuildFile; fileRef = 130ED21122960E4E00080BAB /* CalculatorVC+Extenstion.swift */; };
		132B3B2B2295D8C200DC2B1F /* DesignableTF.swift in Sources */ = {isa = PBXBuildFile; fileRef = 132B3B2A2295D8C200DC2B1F /* DesignableTF.swift */; };
		1330E03822936427001BC1EF /* CalculatorVC.swift in Sources */ = {isa = PBXBuildFile; fileRef = 1330E03722936427001BC1EF /* CalculatorVC.swift */; };
		79B147F90F891E4D84BBA2D3 /* Pods_DhawaAlkhreej.framework in Frameworks */ = {isa = PBXBuildFile; fileRef = 746F4F9B8FBD208D4FF3DB02 /* Pods_DhawaAlkhreej.framework */; };
		DD2505FD229712FB0032A30B /* SavedMajorsTableViewCell.swift in Sources */ = {isa = PBXBuildFile; fileRef = DD2505FB229712FB0032A30B /* SavedMajorsTableViewCell.swift */; };
		DD2505FE229712FB0032A30B /* SavedMajorsTableViewCell.xib in Resources */ = {isa = PBXBuildFile; fileRef = DD2505FC229712FB0032A30B /* SavedMajorsTableViewCell.xib */; };
		DD250601229713770032A30B /* SavedMajorsVC.swift in Sources */ = {isa = PBXBuildFile; fileRef = DD250600229713770032A30B /* SavedMajorsVC.swift */; };
		DD25060322971AA10032A30B /* MajorsSectionView.xib in Resources */ = {isa = PBXBuildFile; fileRef = DD25060222971AA10032A30B /* MajorsSectionView.xib */; };
		DD25060622971ABF0032A30B /* MajorsSectionView.swift in Sources */ = {isa = PBXBuildFile; fileRef = DD25060522971ABF0032A30B /* MajorsSectionView.swift */; };
		DD25060822971CD40032A30B /* MajorDetailsVC.swift in Sources */ = {isa = PBXBuildFile; fileRef = DD25060722971CD40032A30B /* MajorDetailsVC.swift */; };
		DD25060B22971F9B0032A30B /* MajorDetailsTableViewCell.swift in Sources */ = {isa = PBXBuildFile; fileRef = DD25060922971F9B0032A30B /* MajorDetailsTableViewCell.swift */; };
		DD25060C22971F9B0032A30B /* MajorDetailsTableViewCell.xib in Resources */ = {isa = PBXBuildFile; fileRef = DD25060A22971F9B0032A30B /* MajorDetailsTableViewCell.xib */; };
		DD34D8A32293648C00C2C423 /* SectionsVC.swift in Sources */ = {isa = PBXBuildFile; fileRef = DD34D8A22293648C00C2C423 /* SectionsVC.swift */; };
		DD34D8A62293682200C2C423 /* SectionsCollectionViewCell.swift in Sources */ = {isa = PBXBuildFile; fileRef = DD34D8A42293682200C2C423 /* SectionsCollectionViewCell.swift */; };
		DD34D8A72293682200C2C423 /* SectionsCollectionViewCell.xib in Resources */ = {isa = PBXBuildFile; fileRef = DD34D8A52293682200C2C423 /* SectionsCollectionViewCell.xib */; };
		DD3B1A2D228F50AC00E89B88 /* AppDelegate.swift in Sources */ = {isa = PBXBuildFile; fileRef = DD3B1A2C228F50AC00E89B88 /* AppDelegate.swift */; };
		DD3B1A2F228F50AC00E89B88 /* SplashVC.swift in Sources */ = {isa = PBXBuildFile; fileRef = DD3B1A2E228F50AC00E89B88 /* SplashVC.swift */; };
		DD3B1A32228F50AC00E89B88 /* Main.storyboard in Resources */ = {isa = PBXBuildFile; fileRef = DD3B1A30228F50AC00E89B88 /* Main.storyboard */; };
		DD3B1A34228F50AC00E89B88 /* Assets.xcassets in Resources */ = {isa = PBXBuildFile; fileRef = DD3B1A33228F50AC00E89B88 /* Assets.xcassets */; };
		DD3B1A37228F50AC00E89B88 /* LaunchScreen.storyboard in Resources */ = {isa = PBXBuildFile; fileRef = DD3B1A35228F50AC00E89B88 /* LaunchScreen.storyboard */; };
		DD3B1A42228F59D400E89B88 /* Resources.swift in Sources */ = {isa = PBXBuildFile; fileRef = DD3B1A41228F59D400E89B88 /* Resources.swift */; };
		DD3B1A44228F5A4600E89B88 /* DataRequester.swift in Sources */ = {isa = PBXBuildFile; fileRef = DD3B1A43228F5A4600E89B88 /* DataRequester.swift */; };
		DD3B1A4A228F5B0D00E89B88 /* Identity.swift in Sources */ = {isa = PBXBuildFile; fileRef = DD3B1A49228F5B0D00E89B88 /* Identity.swift */; };
		DD3B1A4E228F5B3300E89B88 /* Keys.swift in Sources */ = {isa = PBXBuildFile; fileRef = DD3B1A4D228F5B3300E89B88 /* Keys.swift */; };
		DD3B1A51228F5B4D00E89B88 /* Keys+NotificationCenter.swift in Sources */ = {isa = PBXBuildFile; fileRef = DD3B1A50228F5B4D00E89B88 /* Keys+NotificationCenter.swift */; };
		DD3B1A53228F5B9500E89B88 /* Keys+UserDefaults.swift in Sources */ = {isa = PBXBuildFile; fileRef = DD3B1A52228F5B9500E89B88 /* Keys+UserDefaults.swift */; };
		DD3B1A56228F5C2E00E89B88 /* Environment.swift in Sources */ = {isa = PBXBuildFile; fileRef = DD3B1A55228F5C2E00E89B88 /* Environment.swift */; };
		DD3B1A58228F5CC800E89B88 /* AppColors.swift in Sources */ = {isa = PBXBuildFile; fileRef = DD3B1A57228F5CC800E89B88 /* AppColors.swift */; };
		DD3B1A5A228F5CFF00E89B88 /* ColorType.swift in Sources */ = {isa = PBXBuildFile; fileRef = DD3B1A59228F5CFF00E89B88 /* ColorType.swift */; };
		DD3B1A5C228F5D5800E89B88 /* Font.swift in Sources */ = {isa = PBXBuildFile; fileRef = DD3B1A5B228F5D5800E89B88 /* Font.swift */; };
		DD3B1A5E228F5DB200E89B88 /* FontType.swift in Sources */ = {isa = PBXBuildFile; fileRef = DD3B1A5D228F5DB200E89B88 /* FontType.swift */; };
		DD3B1A60228F5DF200E89B88 /* Helper.swift in Sources */ = {isa = PBXBuildFile; fileRef = DD3B1A5F228F5DF200E89B88 /* Helper.swift */; };
		DD3B1A63228F5E4C00E89B88 /* PrintHelper.swift in Sources */ = {isa = PBXBuildFile; fileRef = DD3B1A62228F5E4C00E89B88 /* PrintHelper.swift */; };
		DD3B1A65228F5EE900E89B88 /* AlertHelper.swift in Sources */ = {isa = PBXBuildFile; fileRef = DD3B1A64228F5EE900E89B88 /* AlertHelper.swift */; };
		DD3B1A68228F5F8700E89B88 /* BaseViewProtocol.swift in Sources */ = {isa = PBXBuildFile; fileRef = DD3B1A67228F5F8700E89B88 /* BaseViewProtocol.swift */; };
		DD3B1A6B228F5FBB00E89B88 /* BaseViewController.swift in Sources */ = {isa = PBXBuildFile; fileRef = DD3B1A6A228F5FBB00E89B88 /* BaseViewController.swift */; };
		DD3B1A6E228F600600E89B88 /* String+Extension.swift in Sources */ = {isa = PBXBuildFile; fileRef = DD3B1A6D228F600600E89B88 /* String+Extension.swift */; };
		DD3B1A72228F602E00E89B88 /* UIStoryboard+Extension.swift in Sources */ = {isa = PBXBuildFile; fileRef = DD3B1A71228F602E00E89B88 /* UIStoryboard+Extension.swift */; };
		DD9EA5A422908A270050F199 /* TabBarVC.swift in Sources */ = {isa = PBXBuildFile; fileRef = DD9EA5A322908A270050F199 /* TabBarVC.swift */; };
		DD9EA5AA229099570050F199 /* AboutUs.storyboard in Resources */ = {isa = PBXBuildFile; fileRef = DD9EA5A9229099570050F199 /* AboutUs.storyboard */; };
		DD9EA5AD22909B8E0050F199 /* Calculator.storyboard in Resources */ = {isa = PBXBuildFile; fileRef = DD9EA5AC22909B8E0050F199 /* Calculator.storyboard */; };
		DD9EA5B022909BD40050F199 /* Majors.storyboard in Resources */ = {isa = PBXBuildFile; fileRef = DD9EA5AF22909BD40050F199 /* Majors.storyboard */; };
		DD9EA5B422909C650050F199 /* SavedItems.storyboard in Resources */ = {isa = PBXBuildFile; fileRef = DD9EA5B322909C650050F199 /* SavedItems.storyboard */; };
		DD9EA5B722909E6D0050F199 /* OnBoarding.storyboard in Resources */ = {isa = PBXBuildFile; fileRef = DD9EA5B622909E6D0050F199 /* OnBoarding.storyboard */; };
		DDF670812291EBDE008A5128 /* Endpoint.swift in Sources */ = {isa = PBXBuildFile; fileRef = DDF670802291EBDE008A5128 /* Endpoint.swift */; };
		DDF670832291EC00008A5128 /* HTTPMethod.swift in Sources */ = {isa = PBXBuildFile; fileRef = DDF670822291EC00008A5128 /* HTTPMethod.swift */; };
		DDF670852291ED51008A5128 /* DataLocation.swift in Sources */ = {isa = PBXBuildFile; fileRef = DDF670842291ED51008A5128 /* DataLocation.swift */; };
		DDF670872291EE0A008A5128 /* DhawaAlkhreej+Endpoint.swift in Sources */ = {isa = PBXBuildFile; fileRef = DDF670862291EE0A008A5128 /* DhawaAlkhreej+Endpoint.swift */; };
		DDF6708A2292210F008A5128 /* Router.swift in Sources */ = {isa = PBXBuildFile; fileRef = DDF670892292210F008A5128 /* Router.swift */; };
/* End PBXBuildFile section */

/* Begin PBXFileReference section */
		130ED21122960E4E00080BAB /* CalculatorVC+Extenstion.swift */ = {isa = PBXFileReference; lastKnownFileType = sourcecode.swift; path = "CalculatorVC+Extenstion.swift"; sourceTree = "<group>"; };
		132B3B2A2295D8C200DC2B1F /* DesignableTF.swift */ = {isa = PBXFileReference; lastKnownFileType = sourcecode.swift; path = DesignableTF.swift; sourceTree = "<group>"; };
		1330E03722936427001BC1EF /* CalculatorVC.swift */ = {isa = PBXFileReference; lastKnownFileType = sourcecode.swift; path = CalculatorVC.swift; sourceTree = "<group>"; };
		2ABD1AB1032FD9BEBA4F091A /* Pods-DhawaAlkhreej.release.xcconfig */ = {isa = PBXFileReference; includeInIndex = 1; lastKnownFileType = text.xcconfig; name = "Pods-DhawaAlkhreej.release.xcconfig"; path = "Target Support Files/Pods-DhawaAlkhreej/Pods-DhawaAlkhreej.release.xcconfig"; sourceTree = "<group>"; };
		746F4F9B8FBD208D4FF3DB02 /* Pods_DhawaAlkhreej.framework */ = {isa = PBXFileReference; explicitFileType = wrapper.framework; includeInIndex = 0; path = Pods_DhawaAlkhreej.framework; sourceTree = BUILT_PRODUCTS_DIR; };
		DD2505FB229712FB0032A30B /* SavedMajorsTableViewCell.swift */ = {isa = PBXFileReference; lastKnownFileType = sourcecode.swift; path = SavedMajorsTableViewCell.swift; sourceTree = "<group>"; };
		DD2505FC229712FB0032A30B /* SavedMajorsTableViewCell.xib */ = {isa = PBXFileReference; lastKnownFileType = file.xib; path = SavedMajorsTableViewCell.xib; sourceTree = "<group>"; };
		DD250600229713770032A30B /* SavedMajorsVC.swift */ = {isa = PBXFileReference; lastKnownFileType = sourcecode.swift; path = SavedMajorsVC.swift; sourceTree = "<group>"; };
		DD25060222971AA10032A30B /* MajorsSectionView.xib */ = {isa = PBXFileReference; lastKnownFileType = file.xib; path = MajorsSectionView.xib; sourceTree = "<group>"; };
		DD25060522971ABF0032A30B /* MajorsSectionView.swift */ = {isa = PBXFileReference; lastKnownFileType = sourcecode.swift; path = MajorsSectionView.swift; sourceTree = "<group>"; };
		DD25060722971CD40032A30B /* MajorDetailsVC.swift */ = {isa = PBXFileReference; lastKnownFileType = sourcecode.swift; path = MajorDetailsVC.swift; sourceTree = "<group>"; };
		DD25060922971F9B0032A30B /* MajorDetailsTableViewCell.swift */ = {isa = PBXFileReference; lastKnownFileType = sourcecode.swift; path = MajorDetailsTableViewCell.swift; sourceTree = "<group>"; };
		DD25060A22971F9B0032A30B /* MajorDetailsTableViewCell.xib */ = {isa = PBXFileReference; lastKnownFileType = file.xib; path = MajorDetailsTableViewCell.xib; sourceTree = "<group>"; };
		DD34D8A22293648C00C2C423 /* SectionsVC.swift */ = {isa = PBXFileReference; lastKnownFileType = sourcecode.swift; path = SectionsVC.swift; sourceTree = "<group>"; };
		DD34D8A42293682200C2C423 /* SectionsCollectionViewCell.swift */ = {isa = PBXFileReference; lastKnownFileType = sourcecode.swift; path = SectionsCollectionViewCell.swift; sourceTree = "<group>"; };
		DD34D8A52293682200C2C423 /* SectionsCollectionViewCell.xib */ = {isa = PBXFileReference; lastKnownFileType = file.xib; path = SectionsCollectionViewCell.xib; sourceTree = "<group>"; };
		DD3B1A29228F50AC00E89B88 /* DhawaAlkhreej.app */ = {isa = PBXFileReference; explicitFileType = wrapper.application; includeInIndex = 0; path = DhawaAlkhreej.app; sourceTree = BUILT_PRODUCTS_DIR; };
		DD3B1A2C228F50AC00E89B88 /* AppDelegate.swift */ = {isa = PBXFileReference; lastKnownFileType = sourcecode.swift; path = AppDelegate.swift; sourceTree = "<group>"; };
		DD3B1A2E228F50AC00E89B88 /* SplashVC.swift */ = {isa = PBXFileReference; lastKnownFileType = sourcecode.swift; path = SplashVC.swift; sourceTree = "<group>"; };
		DD3B1A31228F50AC00E89B88 /* Base */ = {isa = PBXFileReference; lastKnownFileType = file.storyboard; name = Base; path = Base.lproj/Main.storyboard; sourceTree = "<group>"; };
		DD3B1A33228F50AC00E89B88 /* Assets.xcassets */ = {isa = PBXFileReference; lastKnownFileType = folder.assetcatalog; path = Assets.xcassets; sourceTree = "<group>"; };
		DD3B1A36228F50AC00E89B88 /* Base */ = {isa = PBXFileReference; lastKnownFileType = file.storyboard; name = Base; path = Base.lproj/LaunchScreen.storyboard; sourceTree = "<group>"; };
		DD3B1A38228F50AC00E89B88 /* Info.plist */ = {isa = PBXFileReference; lastKnownFileType = text.plist.xml; path = Info.plist; sourceTree = "<group>"; };
		DD3B1A41228F59D400E89B88 /* Resources.swift */ = {isa = PBXFileReference; lastKnownFileType = sourcecode.swift; path = Resources.swift; sourceTree = "<group>"; };
		DD3B1A43228F5A4600E89B88 /* DataRequester.swift */ = {isa = PBXFileReference; lastKnownFileType = sourcecode.swift; path = DataRequester.swift; sourceTree = "<group>"; };
		DD3B1A49228F5B0D00E89B88 /* Identity.swift */ = {isa = PBXFileReference; lastKnownFileType = sourcecode.swift; path = Identity.swift; sourceTree = "<group>"; };
		DD3B1A4D228F5B3300E89B88 /* Keys.swift */ = {isa = PBXFileReference; lastKnownFileType = sourcecode.swift; path = Keys.swift; sourceTree = "<group>"; };
		DD3B1A50228F5B4D00E89B88 /* Keys+NotificationCenter.swift */ = {isa = PBXFileReference; lastKnownFileType = sourcecode.swift; path = "Keys+NotificationCenter.swift"; sourceTree = "<group>"; };
		DD3B1A52228F5B9500E89B88 /* Keys+UserDefaults.swift */ = {isa = PBXFileReference; lastKnownFileType = sourcecode.swift; path = "Keys+UserDefaults.swift"; sourceTree = "<group>"; };
		DD3B1A55228F5C2E00E89B88 /* Environment.swift */ = {isa = PBXFileReference; lastKnownFileType = sourcecode.swift; path = Environment.swift; sourceTree = "<group>"; };
		DD3B1A57228F5CC800E89B88 /* AppColors.swift */ = {isa = PBXFileReference; lastKnownFileType = sourcecode.swift; path = AppColors.swift; sourceTree = "<group>"; };
		DD3B1A59228F5CFF00E89B88 /* ColorType.swift */ = {isa = PBXFileReference; lastKnownFileType = sourcecode.swift; path = ColorType.swift; sourceTree = "<group>"; };
		DD3B1A5B228F5D5800E89B88 /* Font.swift */ = {isa = PBXFileReference; lastKnownFileType = sourcecode.swift; path = Font.swift; sourceTree = "<group>"; };
		DD3B1A5D228F5DB200E89B88 /* FontType.swift */ = {isa = PBXFileReference; lastKnownFileType = sourcecode.swift; path = FontType.swift; sourceTree = "<group>"; };
		DD3B1A5F228F5DF200E89B88 /* Helper.swift */ = {isa = PBXFileReference; lastKnownFileType = sourcecode.swift; path = Helper.swift; sourceTree = "<group>"; };
		DD3B1A62228F5E4C00E89B88 /* PrintHelper.swift */ = {isa = PBXFileReference; lastKnownFileType = sourcecode.swift; path = PrintHelper.swift; sourceTree = "<group>"; };
		DD3B1A64228F5EE900E89B88 /* AlertHelper.swift */ = {isa = PBXFileReference; lastKnownFileType = sourcecode.swift; path = AlertHelper.swift; sourceTree = "<group>"; };
		DD3B1A67228F5F8700E89B88 /* BaseViewProtocol.swift */ = {isa = PBXFileReference; lastKnownFileType = sourcecode.swift; path = BaseViewProtocol.swift; sourceTree = "<group>"; };
		DD3B1A6A228F5FBB00E89B88 /* BaseViewController.swift */ = {isa = PBXFileReference; lastKnownFileType = sourcecode.swift; path = BaseViewController.swift; sourceTree = "<group>"; };
		DD3B1A6D228F600600E89B88 /* String+Extension.swift */ = {isa = PBXFileReference; lastKnownFileType = sourcecode.swift; path = "String+Extension.swift"; sourceTree = "<group>"; };
		DD3B1A71228F602E00E89B88 /* UIStoryboard+Extension.swift */ = {isa = PBXFileReference; lastKnownFileType = sourcecode.swift; path = "UIStoryboard+Extension.swift"; sourceTree = "<group>"; };
		DD9EA5A322908A270050F199 /* TabBarVC.swift */ = {isa = PBXFileReference; lastKnownFileType = sourcecode.swift; path = TabBarVC.swift; sourceTree = "<group>"; };
		DD9EA5A9229099570050F199 /* AboutUs.storyboard */ = {isa = PBXFileReference; lastKnownFileType = file.storyboard; path = AboutUs.storyboard; sourceTree = "<group>"; };
		DD9EA5AC22909B8E0050F199 /* Calculator.storyboard */ = {isa = PBXFileReference; lastKnownFileType = file.storyboard; path = Calculator.storyboard; sourceTree = "<group>"; };
		DD9EA5AF22909BD40050F199 /* Majors.storyboard */ = {isa = PBXFileReference; lastKnownFileType = file.storyboard; path = Majors.storyboard; sourceTree = "<group>"; };
		DD9EA5B322909C650050F199 /* SavedItems.storyboard */ = {isa = PBXFileReference; lastKnownFileType = file.storyboard; path = SavedItems.storyboard; sourceTree = "<group>"; };
		DD9EA5B622909E6D0050F199 /* OnBoarding.storyboard */ = {isa = PBXFileReference; lastKnownFileType = file.storyboard; path = OnBoarding.storyboard; sourceTree = "<group>"; };
		DDF670802291EBDE008A5128 /* Endpoint.swift */ = {isa = PBXFileReference; lastKnownFileType = sourcecode.swift; path = Endpoint.swift; sourceTree = "<group>"; };
		DDF670822291EC00008A5128 /* HTTPMethod.swift */ = {isa = PBXFileReference; lastKnownFileType = sourcecode.swift; path = HTTPMethod.swift; sourceTree = "<group>"; };
		DDF670842291ED51008A5128 /* DataLocation.swift */ = {isa = PBXFileReference; lastKnownFileType = sourcecode.swift; path = DataLocation.swift; sourceTree = "<group>"; };
		DDF670862291EE0A008A5128 /* DhawaAlkhreej+Endpoint.swift */ = {isa = PBXFileReference; lastKnownFileType = sourcecode.swift; path = "DhawaAlkhreej+Endpoint.swift"; sourceTree = "<group>"; };
		DDF670892292210F008A5128 /* Router.swift */ = {isa = PBXFileReference; lastKnownFileType = sourcecode.swift; path = Router.swift; sourceTree = "<group>"; };
		E5EE41979FEB2594C30A6830 /* Pods-DhawaAlkhreej.debug.xcconfig */ = {isa = PBXFileReference; includeInIndex = 1; lastKnownFileType = text.xcconfig; name = "Pods-DhawaAlkhreej.debug.xcconfig"; path = "Target Support Files/Pods-DhawaAlkhreej/Pods-DhawaAlkhreej.debug.xcconfig"; sourceTree = "<group>"; };
/* End PBXFileReference section */

/* Begin PBXFrameworksBuildPhase section */
		DD3B1A26228F50AC00E89B88 /* Frameworks */ = {
			isa = PBXFrameworksBuildPhase;
			buildActionMask = 2147483647;
			files = (
				79B147F90F891E4D84BBA2D3 /* Pods_DhawaAlkhreej.framework in Frameworks */,
			);
			runOnlyForDeploymentPostprocessing = 0;
		};
/* End PBXFrameworksBuildPhase section */

/* Begin PBXGroup section */
		3C632A8123288DFAD83683F2 /* Pods */ = {
			isa = PBXGroup;
			children = (
				E5EE41979FEB2594C30A6830 /* Pods-DhawaAlkhreej.debug.xcconfig */,
				2ABD1AB1032FD9BEBA4F091A /* Pods-DhawaAlkhreej.release.xcconfig */,
			);
			path = Pods;
			sourceTree = "<group>";
		};
		DD2505FA229712BF0032A30B /* SectionsCollectionViewCell */ = {
			isa = PBXGroup;
			children = (
				DD34D8A42293682200C2C423 /* SectionsCollectionViewCell.swift */,
				DD34D8A52293682200C2C423 /* SectionsCollectionViewCell.xib */,
			);
			path = SectionsCollectionViewCell;
			sourceTree = "<group>";
		};
		DD2505FF229713070032A30B /* SavedMajorsTableViewCell */ = {
			isa = PBXGroup;
			children = (
				DD2505FB229712FB0032A30B /* SavedMajorsTableViewCell.swift */,
				DD2505FC229712FB0032A30B /* SavedMajorsTableViewCell.xib */,
			);
			path = SavedMajorsTableViewCell;
			sourceTree = "<group>";
		};
		DD25060422971AB00032A30B /* View */ = {
			isa = PBXGroup;
			children = (
				DD25060222971AA10032A30B /* MajorsSectionView.xib */,
				DD25060522971ABF0032A30B /* MajorsSectionView.swift */,
			);
			path = View;
			sourceTree = "<group>";
		};
		DD25060D22971FA70032A30B /* MajorDetailsTableViewCell */ = {
			isa = PBXGroup;
			children = (
				DD25060922971F9B0032A30B /* MajorDetailsTableViewCell.swift */,
				DD25060A22971F9B0032A30B /* MajorDetailsTableViewCell.xib */,
			);
			path = MajorDetailsTableViewCell;
			sourceTree = "<group>";
		};
		DD34D8A82293682A00C2C423 /* Cells */ = {
			isa = PBXGroup;
			children = (
				DD2505FA229712BF0032A30B /* SectionsCollectionViewCell */,
				DD2505FF229713070032A30B /* SavedMajorsTableViewCell */,
				DD25060D22971FA70032A30B /* MajorDetailsTableViewCell */,
			);
			path = Cells;
			sourceTree = "<group>";
		};
		DD3B1A20228F50AB00E89B88 = {
			isa = PBXGroup;
			children = (
				DD3B1A2B228F50AC00E89B88 /* DhawaAlkhreej */,
				DD3B1A2A228F50AC00E89B88 /* Products */,
				3C632A8123288DFAD83683F2 /* Pods */,
				ED0D46269C209097C8CF7DD7 /* Frameworks */,
			);
			sourceTree = "<group>";
		};
		DD3B1A2A228F50AC00E89B88 /* Products */ = {
			isa = PBXGroup;
			children = (
				DD3B1A29228F50AC00E89B88 /* DhawaAlkhreej.app */,
			);
			name = Products;
			sourceTree = "<group>";
		};
		DD3B1A2B228F50AC00E89B88 /* DhawaAlkhreej */ = {
			isa = PBXGroup;
			children = (
				DD3B1A46228F5A5200E89B88 /* DataLayer */,
				DD3B1A47228F5A6200E89B88 /* Modules */,
				DD3B1A4B228F5B1200E89B88 /* Support */,
				DD3B1A3E228F50F100E89B88 /* Resources */,
			);
			path = DhawaAlkhreej;
			sourceTree = "<group>";
		};
		DD3B1A3E228F50F100E89B88 /* Resources */ = {
			isa = PBXGroup;
			children = (
				DD3B1A41228F59D400E89B88 /* Resources.swift */,
				DD3B1A35228F50AC00E89B88 /* LaunchScreen.storyboard */,
				DD3B1A38228F50AC00E89B88 /* Info.plist */,
				DD3B1A33228F50AC00E89B88 /* Assets.xcassets */,
			);
			path = Resources;
			sourceTree = "<group>";
		};
		DD3B1A46228F5A5200E89B88 /* DataLayer */ = {
			isa = PBXGroup;
			children = (
				DDF67088229220F1008A5128 /* Network */,
				DDF6708B2292212C008A5128 /* Router */,
			);
			path = DataLayer;
			sourceTree = "<group>";
		};
		DD3B1A47228F5A6200E89B88 /* Modules */ = {
			isa = PBXGroup;
			children = (
				DD9EA5A8229099330050F199 /* About Us */,
				DD9EA5B222909C510050F199 /* Saved Items */,
				DD9EA5AE22909BC50050F199 /* Sections */,
				DD9EA5AB22909B800050F199 /* Calculator */,
				DD9EA59E229089BC0050F199 /* Tab Bar */,
				DD9EA5B522909E400050F199 /* OnBoarding */,
				DD3B1A48228F5AAD00E89B88 /* Splash */,
			);
			path = Modules;
			sourceTree = "<group>";
		};
		DD3B1A48228F5AAD00E89B88 /* Splash */ = {
			isa = PBXGroup;
			children = (
				DD3B1A30228F50AC00E89B88 /* Main.storyboard */,
				DD3B1A2E228F50AC00E89B88 /* SplashVC.swift */,
			);
			path = Splash;
			sourceTree = "<group>";
		};
		DD3B1A4B228F5B1200E89B88 /* Support */ = {
			isa = PBXGroup;
			children = (
				DD3B1A66228F5F7800E89B88 /* Base */,
				DD3B1A54228F5C0600E89B88 /* Application */,
				DD3B1A4F228F5B3700E89B88 /* Keys */,
				DD3B1A4C228F5B2300E89B88 /* Identity */,
				DD3B1A61228F5DFA00E89B88 /* Helpers */,
				DD3B1A6F228F600A00E89B88 /* Shared Extensions */,
			);
			path = Support;
			sourceTree = "<group>";
		};
		DD3B1A4C228F5B2300E89B88 /* Identity */ = {
			isa = PBXGroup;
			children = (
				DD3B1A49228F5B0D00E89B88 /* Identity.swift */,
				DD3B1A57228F5CC800E89B88 /* AppColors.swift */,
				DD3B1A59228F5CFF00E89B88 /* ColorType.swift */,
				DD3B1A5B228F5D5800E89B88 /* Font.swift */,
				DD3B1A5D228F5DB200E89B88 /* FontType.swift */,
			);
			path = Identity;
			sourceTree = "<group>";
		};
		DD3B1A4F228F5B3700E89B88 /* Keys */ = {
			isa = PBXGroup;
			children = (
				DD3B1A4D228F5B3300E89B88 /* Keys.swift */,
				DD3B1A50228F5B4D00E89B88 /* Keys+NotificationCenter.swift */,
				DD3B1A52228F5B9500E89B88 /* Keys+UserDefaults.swift */,
			);
			path = Keys;
			sourceTree = "<group>";
		};
		DD3B1A54228F5C0600E89B88 /* Application */ = {
			isa = PBXGroup;
			children = (
				DD3B1A2C228F50AC00E89B88 /* AppDelegate.swift */,
				DD3B1A55228F5C2E00E89B88 /* Environment.swift */,
			);
			path = Application;
			sourceTree = "<group>";
		};
		DD3B1A61228F5DFA00E89B88 /* Helpers */ = {
			isa = PBXGroup;
			children = (
				DD3B1A5F228F5DF200E89B88 /* Helper.swift */,
				DD3B1A62228F5E4C00E89B88 /* PrintHelper.swift */,
				DD3B1A64228F5EE900E89B88 /* AlertHelper.swift */,
			);
			path = Helpers;
			sourceTree = "<group>";
		};
		DD3B1A66228F5F7800E89B88 /* Base */ = {
			isa = PBXGroup;
			children = (
				DD3B1A69228F5FAC00E89B88 /* Protocols */,
				DD3B1A6C228F5FD500E89B88 /* Classes */,
			);
			path = Base;
			sourceTree = "<group>";
		};
		DD3B1A69228F5FAC00E89B88 /* Protocols */ = {
			isa = PBXGroup;
			children = (
				DD3B1A67228F5F8700E89B88 /* BaseViewProtocol.swift */,
			);
			path = Protocols;
			sourceTree = "<group>";
		};
		DD3B1A6C228F5FD500E89B88 /* Classes */ = {
			isa = PBXGroup;
			children = (
				DD3B1A6A228F5FBB00E89B88 /* BaseViewController.swift */,
			);
			path = Classes;
			sourceTree = "<group>";
		};
		DD3B1A6F228F600A00E89B88 /* Shared Extensions */ = {
			isa = PBXGroup;
			children = (
				DD3B1A70228F601D00E89B88 /* Foundation */,
				DD3B1A73228F603200E89B88 /* UIKit */,
			);
			path = "Shared Extensions";
			sourceTree = "<group>";
		};
		DD3B1A70228F601D00E89B88 /* Foundation */ = {
			isa = PBXGroup;
			children = (
				DD3B1A6D228F600600E89B88 /* String+Extension.swift */,
			);
			path = Foundation;
			sourceTree = "<group>";
		};
		DD3B1A73228F603200E89B88 /* UIKit */ = {
			isa = PBXGroup;
			children = (
				DD3B1A71228F602E00E89B88 /* UIStoryboard+Extension.swift */,
			);
			path = UIKit;
			sourceTree = "<group>";
		};
		DD9EA59E229089BC0050F199 /* Tab Bar */ = {
			isa = PBXGroup;
			children = (
				DD9EA5A322908A270050F199 /* TabBarVC.swift */,
			);
			path = "Tab Bar";
			sourceTree = "<group>";
		};
		DD9EA5A8229099330050F199 /* About Us */ = {
			isa = PBXGroup;
			children = (
				DD9EA5A9229099570050F199 /* AboutUs.storyboard */,
			);
			path = "About Us";
			sourceTree = "<group>";
		};
		DD9EA5AB22909B800050F199 /* Calculator */ = {
			isa = PBXGroup;
			children = (
				DD9EA5AC22909B8E0050F199 /* Calculator.storyboard */,
				1330E03722936427001BC1EF /* CalculatorVC.swift */,
				130ED21122960E4E00080BAB /* CalculatorVC+Extenstion.swift */,
				132B3B2A2295D8C200DC2B1F /* DesignableTF.swift */,
			);
			path = Calculator;
			sourceTree = "<group>";
		};
		DD9EA5AE22909BC50050F199 /* Sections */ = {
			isa = PBXGroup;
			children = (
				DD25060422971AB00032A30B /* View */,
				DD34D8A82293682A00C2C423 /* Cells */,
				DD9EA5AF22909BD40050F199 /* Majors.storyboard */,
				DD34D8A22293648C00C2C423 /* SectionsVC.swift */,
				DD250600229713770032A30B /* SavedMajorsVC.swift */,
				DD25060722971CD40032A30B /* MajorDetailsVC.swift */,
			);
			path = Sections;
			sourceTree = "<group>";
		};
		DD9EA5B222909C510050F199 /* Saved Items */ = {
			isa = PBXGroup;
			children = (
				DD9EA5B322909C650050F199 /* SavedItems.storyboard */,
			);
			path = "Saved Items";
			sourceTree = "<group>";
		};
		DD9EA5B522909E400050F199 /* OnBoarding */ = {
			isa = PBXGroup;
			children = (
				DD9EA5B622909E6D0050F199 /* OnBoarding.storyboard */,
			);
			path = OnBoarding;
			sourceTree = "<group>";
		};
		DDF67088229220F1008A5128 /* Network */ = {
			isa = PBXGroup;
			children = (
				DD3B1A43228F5A4600E89B88 /* DataRequester.swift */,
				DDF670802291EBDE008A5128 /* Endpoint.swift */,
				DDF670822291EC00008A5128 /* HTTPMethod.swift */,
				DDF670842291ED51008A5128 /* DataLocation.swift */,
				DDF670862291EE0A008A5128 /* DhawaAlkhreej+Endpoint.swift */,
			);
			path = Network;
			sourceTree = "<group>";
		};
		DDF6708B2292212C008A5128 /* Router */ = {
			isa = PBXGroup;
			children = (
				DDF670892292210F008A5128 /* Router.swift */,
			);
			path = Router;
			sourceTree = "<group>";
		};
		ED0D46269C209097C8CF7DD7 /* Frameworks */ = {
			isa = PBXGroup;
			children = (
				746F4F9B8FBD208D4FF3DB02 /* Pods_DhawaAlkhreej.framework */,
			);
			name = Frameworks;
			sourceTree = "<group>";
		};
/* End PBXGroup section */

/* Begin PBXNativeTarget section */
		DD3B1A28228F50AC00E89B88 /* DhawaAlkhreej */ = {
			isa = PBXNativeTarget;
			buildConfigurationList = DD3B1A3B228F50AC00E89B88 /* Build configuration list for PBXNativeTarget "DhawaAlkhreej" */;
			buildPhases = (
				65CBCA65B7982F1CB879CF33 /* [CP] Check Pods Manifest.lock */,
				DD3B1A40228F53B400E89B88 /* Run Script - swiftlint */,
				DD3B1A25228F50AC00E89B88 /* Sources */,
				DD3B1A26228F50AC00E89B88 /* Frameworks */,
				DD3B1A27228F50AC00E89B88 /* Resources */,
				318732BB1E54F62D78085DD5 /* [CP] Embed Pods Frameworks */,
			);
			buildRules = (
			);
			dependencies = (
			);
			name = DhawaAlkhreej;
			productName = DhawaAlkhreej;
			productReference = DD3B1A29228F50AC00E89B88 /* DhawaAlkhreej.app */;
			productType = "com.apple.product-type.application";
		};
/* End PBXNativeTarget section */

/* Begin PBXProject section */
		DD3B1A21228F50AB00E89B88 /* Project object */ = {
			isa = PBXProject;
			attributes = {
				LastSwiftUpdateCheck = 1020;
				LastUpgradeCheck = 1020;
				ORGANIZATIONNAME = DhawaAlkhreej;
				TargetAttributes = {
					DD3B1A28228F50AC00E89B88 = {
						CreatedOnToolsVersion = 10.2.1;
					};
				};
			};
			buildConfigurationList = DD3B1A24228F50AB00E89B88 /* Build configuration list for PBXProject "DhawaAlkhreej" */;
			compatibilityVersion = "Xcode 9.3";
			developmentRegion = en;
			hasScannedForEncodings = 0;
			knownRegions = (
				en,
				Base,
			);
			mainGroup = DD3B1A20228F50AB00E89B88;
			productRefGroup = DD3B1A2A228F50AC00E89B88 /* Products */;
			projectDirPath = "";
			projectRoot = "";
			targets = (
				DD3B1A28228F50AC00E89B88 /* DhawaAlkhreej */,
			);
		};
/* End PBXProject section */

/* Begin PBXResourcesBuildPhase section */
		DD3B1A27228F50AC00E89B88 /* Resources */ = {
			isa = PBXResourcesBuildPhase;
			buildActionMask = 2147483647;
			files = (
				DD9EA5AA229099570050F199 /* AboutUs.storyboard in Resources */,
				DD9EA5B422909C650050F199 /* SavedItems.storyboard in Resources */,
				DD34D8A72293682200C2C423 /* SectionsCollectionViewCell.xib in Resources */,
				DD3B1A37228F50AC00E89B88 /* LaunchScreen.storyboard in Resources */,
				DD25060C22971F9B0032A30B /* MajorDetailsTableViewCell.xib in Resources */,
				DD3B1A34228F50AC00E89B88 /* Assets.xcassets in Resources */,
				DD9EA5AD22909B8E0050F199 /* Calculator.storyboard in Resources */,
				DD25060322971AA10032A30B /* MajorsSectionView.xib in Resources */,
				DD9EA5B022909BD40050F199 /* Majors.storyboard in Resources */,
				DD3B1A32228F50AC00E89B88 /* Main.storyboard in Resources */,
				DD9EA5B722909E6D0050F199 /* OnBoarding.storyboard in Resources */,
				DD2505FE229712FB0032A30B /* SavedMajorsTableViewCell.xib in Resources */,
			);
			runOnlyForDeploymentPostprocessing = 0;
		};
/* End PBXResourcesBuildPhase section */

/* Begin PBXShellScriptBuildPhase section */
		318732BB1E54F62D78085DD5 /* [CP] Embed Pods Frameworks */ = {
			isa = PBXShellScriptBuildPhase;
			buildActionMask = 2147483647;
			files = (
			);
			inputFileListPaths = (
			);
			inputPaths = (
				"${PODS_ROOT}/Target Support Files/Pods-DhawaAlkhreej/Pods-DhawaAlkhreej-frameworks.sh",
				"${BUILT_PRODUCTS_DIR}/Helper4Swift/Helper4Swift.framework",
				"${BUILT_PRODUCTS_DIR}/IQKeyboardManagerSwift/IQKeyboardManagerSwift.framework",
			);
			name = "[CP] Embed Pods Frameworks";
			outputFileListPaths = (
			);
			outputPaths = (
				"${TARGET_BUILD_DIR}/${FRAMEWORKS_FOLDER_PATH}/Helper4Swift.framework",
				"${TARGET_BUILD_DIR}/${FRAMEWORKS_FOLDER_PATH}/IQKeyboardManagerSwift.framework",
			);
			runOnlyForDeploymentPostprocessing = 0;
			shellPath = /bin/sh;
			shellScript = "\"${PODS_ROOT}/Target Support Files/Pods-DhawaAlkhreej/Pods-DhawaAlkhreej-frameworks.sh\"\n";
			showEnvVarsInLog = 0;
		};
		65CBCA65B7982F1CB879CF33 /* [CP] Check Pods Manifest.lock */ = {
			isa = PBXShellScriptBuildPhase;
			buildActionMask = 2147483647;
			files = (
			);
			inputFileListPaths = (
			);
			inputPaths = (
				"${PODS_PODFILE_DIR_PATH}/Podfile.lock",
				"${PODS_ROOT}/Manifest.lock",
			);
			name = "[CP] Check Pods Manifest.lock";
			outputFileListPaths = (
			);
			outputPaths = (
				"$(DERIVED_FILE_DIR)/Pods-DhawaAlkhreej-checkManifestLockResult.txt",
			);
			runOnlyForDeploymentPostprocessing = 0;
			shellPath = /bin/sh;
			shellScript = "diff \"${PODS_PODFILE_DIR_PATH}/Podfile.lock\" \"${PODS_ROOT}/Manifest.lock\" > /dev/null\nif [ $? != 0 ] ; then\n    # print error to STDERR\n    echo \"error: The sandbox is not in sync with the Podfile.lock. Run 'pod install' or update your CocoaPods installation.\" >&2\n    exit 1\nfi\n# This output is used by Xcode 'outputs' to avoid re-running this script phase.\necho \"SUCCESS\" > \"${SCRIPT_OUTPUT_FILE_0}\"\n";
			showEnvVarsInLog = 0;
		};
		DD3B1A40228F53B400E89B88 /* Run Script - swiftlint */ = {
			isa = PBXShellScriptBuildPhase;
			buildActionMask = 2147483647;
			files = (
			);
			inputFileListPaths = (
			);
			inputPaths = (
			);
			name = "Run Script - swiftlint";
			outputFileListPaths = (
			);
			outputPaths = (
			);
			runOnlyForDeploymentPostprocessing = 0;
			shellPath = /bin/sh;
			shellScript = "# Type a script or drag a script file from your workspace to insert its path.\n\"${PODS_ROOT}/SwiftLint/swiftlint\"\n";
		};
/* End PBXShellScriptBuildPhase section */

/* Begin PBXSourcesBuildPhase section */
		DD3B1A25228F50AC00E89B88 /* Sources */ = {
			isa = PBXSourcesBuildPhase;
			buildActionMask = 2147483647;
			files = (
				DD3B1A53228F5B9500E89B88 /* Keys+UserDefaults.swift in Sources */,
				DD3B1A60228F5DF200E89B88 /* Helper.swift in Sources */,
				DD3B1A42228F59D400E89B88 /* Resources.swift in Sources */,
				DD3B1A6E228F600600E89B88 /* String+Extension.swift in Sources */,
				DD3B1A4E228F5B3300E89B88 /* Keys.swift in Sources */,
				DD3B1A65228F5EE900E89B88 /* AlertHelper.swift in Sources */,
				DD3B1A6B228F5FBB00E89B88 /* BaseViewController.swift in Sources */,
				DD34D8A32293648C00C2C423 /* SectionsVC.swift in Sources */,
				DD25060B22971F9B0032A30B /* MajorDetailsTableViewCell.swift in Sources */,
				DD34D8A62293682200C2C423 /* SectionsCollectionViewCell.swift in Sources */,
				DD25060822971CD40032A30B /* MajorDetailsVC.swift in Sources */,
				DDF670872291EE0A008A5128 /* DhawaAlkhreej+Endpoint.swift in Sources */,
				DD25060622971ABF0032A30B /* MajorsSectionView.swift in Sources */,
				DD9EA5A422908A270050F199 /* TabBarVC.swift in Sources */,
				DDF670852291ED51008A5128 /* DataLocation.swift in Sources */,
				DD3B1A5A228F5CFF00E89B88 /* ColorType.swift in Sources */,
				DD3B1A58228F5CC800E89B88 /* AppColors.swift in Sources */,
				DDF6708A2292210F008A5128 /* Router.swift in Sources */,
				DD3B1A44228F5A4600E89B88 /* DataRequester.swift in Sources */,
				DD250601229713770032A30B /* SavedMajorsVC.swift in Sources */,
				DD3B1A5E228F5DB200E89B88 /* FontType.swift in Sources */,
				DD3B1A56228F5C2E00E89B88 /* Environment.swift in Sources */,
				DD3B1A51228F5B4D00E89B88 /* Keys+NotificationCenter.swift in Sources */,
				DD3B1A63228F5E4C00E89B88 /* PrintHelper.swift in Sources */,
				DD3B1A5C228F5D5800E89B88 /* Font.swift in Sources */,
				DD3B1A4A228F5B0D00E89B88 /* Identity.swift in Sources */,
				DD3B1A2F228F50AC00E89B88 /* SplashVC.swift in Sources */,
				DD3B1A2D228F50AC00E89B88 /* AppDelegate.swift in Sources */,
				132B3B2B2295D8C200DC2B1F /* DesignableTF.swift in Sources */,
				DD3B1A72228F602E00E89B88 /* UIStoryboard+Extension.swift in Sources */,
				DDF670832291EC00008A5128 /* HTTPMethod.swift in Sources */,
				DD2505FD229712FB0032A30B /* SavedMajorsTableViewCell.swift in Sources */,
				130ED21222960E4E00080BAB /* CalculatorVC+Extenstion.swift in Sources */,
				DDF670812291EBDE008A5128 /* Endpoint.swift in Sources */,
				1330E03822936427001BC1EF /* CalculatorVC.swift in Sources */,
				DD3B1A68228F5F8700E89B88 /* BaseViewProtocol.swift in Sources */,
			);
			runOnlyForDeploymentPostprocessing = 0;
		};
/* End PBXSourcesBuildPhase section */

/* Begin PBXVariantGroup section */
		DD3B1A30228F50AC00E89B88 /* Main.storyboard */ = {
			isa = PBXVariantGroup;
			children = (
				DD3B1A31228F50AC00E89B88 /* Base */,
			);
			name = Main.storyboard;
			sourceTree = "<group>";
		};
		DD3B1A35228F50AC00E89B88 /* LaunchScreen.storyboard */ = {
			isa = PBXVariantGroup;
			children = (
				DD3B1A36228F50AC00E89B88 /* Base */,
			);
			name = LaunchScreen.storyboard;
			sourceTree = "<group>";
		};
/* End PBXVariantGroup section */

/* Begin XCBuildConfiguration section */
		DD3B1A39228F50AC00E89B88 /* Debug */ = {
			isa = XCBuildConfiguration;
			buildSettings = {
				ALWAYS_SEARCH_USER_PATHS = NO;
				CLANG_ANALYZER_NONNULL = YES;
				CLANG_ANALYZER_NUMBER_OBJECT_CONVERSION = YES_AGGRESSIVE;
				CLANG_CXX_LANGUAGE_STANDARD = "gnu++14";
				CLANG_CXX_LIBRARY = "libc++";
				CLANG_ENABLE_MODULES = YES;
				CLANG_ENABLE_OBJC_ARC = YES;
				CLANG_ENABLE_OBJC_WEAK = YES;
				CLANG_WARN_BLOCK_CAPTURE_AUTORELEASING = YES;
				CLANG_WARN_BOOL_CONVERSION = YES;
				CLANG_WARN_COMMA = YES;
				CLANG_WARN_CONSTANT_CONVERSION = YES;
				CLANG_WARN_DEPRECATED_OBJC_IMPLEMENTATIONS = YES;
				CLANG_WARN_DIRECT_OBJC_ISA_USAGE = YES_ERROR;
				CLANG_WARN_DOCUMENTATION_COMMENTS = YES;
				CLANG_WARN_EMPTY_BODY = YES;
				CLANG_WARN_ENUM_CONVERSION = YES;
				CLANG_WARN_INFINITE_RECURSION = YES;
				CLANG_WARN_INT_CONVERSION = YES;
				CLANG_WARN_NON_LITERAL_NULL_CONVERSION = YES;
				CLANG_WARN_OBJC_IMPLICIT_RETAIN_SELF = YES;
				CLANG_WARN_OBJC_LITERAL_CONVERSION = YES;
				CLANG_WARN_OBJC_ROOT_CLASS = YES_ERROR;
				CLANG_WARN_RANGE_LOOP_ANALYSIS = YES;
				CLANG_WARN_STRICT_PROTOTYPES = YES;
				CLANG_WARN_SUSPICIOUS_MOVE = YES;
				CLANG_WARN_UNGUARDED_AVAILABILITY = YES_AGGRESSIVE;
				CLANG_WARN_UNREACHABLE_CODE = YES;
				CLANG_WARN__DUPLICATE_METHOD_MATCH = YES;
				CODE_SIGN_IDENTITY = "iPhone Developer";
				COPY_PHASE_STRIP = NO;
				DEBUG_INFORMATION_FORMAT = dwarf;
				ENABLE_STRICT_OBJC_MSGSEND = YES;
				ENABLE_TESTABILITY = YES;
				GCC_C_LANGUAGE_STANDARD = gnu11;
				GCC_DYNAMIC_NO_PIC = NO;
				GCC_NO_COMMON_BLOCKS = YES;
				GCC_OPTIMIZATION_LEVEL = 0;
				GCC_PREPROCESSOR_DEFINITIONS = (
					"DEBUG=1",
					"$(inherited)",
				);
				GCC_WARN_64_TO_32_BIT_CONVERSION = YES;
				GCC_WARN_ABOUT_RETURN_TYPE = YES_ERROR;
				GCC_WARN_UNDECLARED_SELECTOR = YES;
				GCC_WARN_UNINITIALIZED_AUTOS = YES_AGGRESSIVE;
				GCC_WARN_UNUSED_FUNCTION = YES;
				GCC_WARN_UNUSED_VARIABLE = YES;
				IPHONEOS_DEPLOYMENT_TARGET = 11.0;
				MTL_ENABLE_DEBUG_INFO = INCLUDE_SOURCE;
				MTL_FAST_MATH = YES;
				ONLY_ACTIVE_ARCH = YES;
				SDKROOT = iphoneos;
				SWIFT_ACTIVE_COMPILATION_CONDITIONS = DEBUG;
				SWIFT_OPTIMIZATION_LEVEL = "-Onone";
			};
			name = Debug;
		};
		DD3B1A3A228F50AC00E89B88 /* Release */ = {
			isa = XCBuildConfiguration;
			buildSettings = {
				ALWAYS_SEARCH_USER_PATHS = NO;
				CLANG_ANALYZER_NONNULL = YES;
				CLANG_ANALYZER_NUMBER_OBJECT_CONVERSION = YES_AGGRESSIVE;
				CLANG_CXX_LANGUAGE_STANDARD = "gnu++14";
				CLANG_CXX_LIBRARY = "libc++";
				CLANG_ENABLE_MODULES = YES;
				CLANG_ENABLE_OBJC_ARC = YES;
				CLANG_ENABLE_OBJC_WEAK = YES;
				CLANG_WARN_BLOCK_CAPTURE_AUTORELEASING = YES;
				CLANG_WARN_BOOL_CONVERSION = YES;
				CLANG_WARN_COMMA = YES;
				CLANG_WARN_CONSTANT_CONVERSION = YES;
				CLANG_WARN_DEPRECATED_OBJC_IMPLEMENTATIONS = YES;
				CLANG_WARN_DIRECT_OBJC_ISA_USAGE = YES_ERROR;
				CLANG_WARN_DOCUMENTATION_COMMENTS = YES;
				CLANG_WARN_EMPTY_BODY = YES;
				CLANG_WARN_ENUM_CONVERSION = YES;
				CLANG_WARN_INFINITE_RECURSION = YES;
				CLANG_WARN_INT_CONVERSION = YES;
				CLANG_WARN_NON_LITERAL_NULL_CONVERSION = YES;
				CLANG_WARN_OBJC_IMPLICIT_RETAIN_SELF = YES;
				CLANG_WARN_OBJC_LITERAL_CONVERSION = YES;
				CLANG_WARN_OBJC_ROOT_CLASS = YES_ERROR;
				CLANG_WARN_RANGE_LOOP_ANALYSIS = YES;
				CLANG_WARN_STRICT_PROTOTYPES = YES;
				CLANG_WARN_SUSPICIOUS_MOVE = YES;
				CLANG_WARN_UNGUARDED_AVAILABILITY = YES_AGGRESSIVE;
				CLANG_WARN_UNREACHABLE_CODE = YES;
				CLANG_WARN__DUPLICATE_METHOD_MATCH = YES;
				CODE_SIGN_IDENTITY = "iPhone Developer";
				COPY_PHASE_STRIP = NO;
				DEBUG_INFORMATION_FORMAT = "dwarf-with-dsym";
				ENABLE_NS_ASSERTIONS = NO;
				ENABLE_STRICT_OBJC_MSGSEND = YES;
				GCC_C_LANGUAGE_STANDARD = gnu11;
				GCC_NO_COMMON_BLOCKS = YES;
				GCC_WARN_64_TO_32_BIT_CONVERSION = YES;
				GCC_WARN_ABOUT_RETURN_TYPE = YES_ERROR;
				GCC_WARN_UNDECLARED_SELECTOR = YES;
				GCC_WARN_UNINITIALIZED_AUTOS = YES_AGGRESSIVE;
				GCC_WARN_UNUSED_FUNCTION = YES;
				GCC_WARN_UNUSED_VARIABLE = YES;
				IPHONEOS_DEPLOYMENT_TARGET = 11.0;
				MTL_ENABLE_DEBUG_INFO = NO;
				MTL_FAST_MATH = YES;
				SDKROOT = iphoneos;
				SWIFT_COMPILATION_MODE = wholemodule;
				SWIFT_OPTIMIZATION_LEVEL = "-O";
				VALIDATE_PRODUCT = YES;
			};
			name = Release;
		};
		DD3B1A3C228F50AC00E89B88 /* Debug */ = {
			isa = XCBuildConfiguration;
			baseConfigurationReference = E5EE41979FEB2594C30A6830 /* Pods-DhawaAlkhreej.debug.xcconfig */;
			buildSettings = {
				ASSETCATALOG_COMPILER_APPICON_NAME = AppIcon;
				CODE_SIGN_STYLE = Automatic;
				DEVELOPMENT_TEAM = G69L3HCQBT;
				INFOPLIST_FILE = "$(SRCROOT)/DhawaAlkhreej/Resources/Info.plist";
				IPHONEOS_DEPLOYMENT_TARGET = 11.0;
				LD_RUNPATH_SEARCH_PATHS = (
					"$(inherited)",
					"@executable_path/Frameworks",
				);
				PRODUCT_BUNDLE_IDENTIFIER = net.alhaider.DhawaAlkhreej;
				PRODUCT_NAME = "$(TARGET_NAME)";
				SWIFT_VERSION = 5.0;
				TARGETED_DEVICE_FAMILY = "1,2";
			};
			name = Debug;
		};
		DD3B1A3D228F50AC00E89B88 /* Release */ = {
			isa = XCBuildConfiguration;
			baseConfigurationReference = 2ABD1AB1032FD9BEBA4F091A /* Pods-DhawaAlkhreej.release.xcconfig */;
			buildSettings = {
				ASSETCATALOG_COMPILER_APPICON_NAME = AppIcon;
				CODE_SIGN_STYLE = Automatic;
				DEVELOPMENT_TEAM = G69L3HCQBT;
				INFOPLIST_FILE = "$(SRCROOT)/DhawaAlkhreej/Resources/Info.plist";
				IPHONEOS_DEPLOYMENT_TARGET = 11.0;
				LD_RUNPATH_SEARCH_PATHS = (
					"$(inherited)",
					"@executable_path/Frameworks",
				);
				PRODUCT_BUNDLE_IDENTIFIER = net.alhaider.DhawaAlkhreej;
				PRODUCT_NAME = "$(TARGET_NAME)";
				SWIFT_VERSION = 5.0;
				TARGETED_DEVICE_FAMILY = "1,2";
			};
			name = Release;
		};
/* End XCBuildConfiguration section */

/* Begin XCConfigurationList section */
		DD3B1A24228F50AB00E89B88 /* Build configuration list for PBXProject "DhawaAlkhreej" */ = {
			isa = XCConfigurationList;
			buildConfigurations = (
				DD3B1A39228F50AC00E89B88 /* Debug */,
				DD3B1A3A228F50AC00E89B88 /* Release */,
			);
			defaultConfigurationIsVisible = 0;
			defaultConfigurationName = Release;
		};
		DD3B1A3B228F50AC00E89B88 /* Build configuration list for PBXNativeTarget "DhawaAlkhreej" */ = {
			isa = XCConfigurationList;
			buildConfigurations = (
				DD3B1A3C228F50AC00E89B88 /* Debug */,
				DD3B1A3D228F50AC00E89B88 /* Release */,
			);
			defaultConfigurationIsVisible = 0;
			defaultConfigurationName = Release;
		};
/* End XCConfigurationList section */
	};
	rootObject = DD3B1A21228F50AB00E89B88 /* Project object */;
}
